
Microsoft Visual Studio Solution File, Format Version 12.00
# Visual Studio Version 17
VisualStudioVersion = 17.0.31903.59
MinimumVisualStudioVersion = 10.0.40219.1
Project("{FAE04EC0-301F-11D3-BF4B-00C04F79EFBC}") = "Portfolio.Services", "Portfolio.Services\Portfolio.Services.csproj", "{13203EF3-3AAA-4C53-AAF1-588DAE467B33}"
EndProject
Project("{FAE04EC0-301F-11D3-BF4B-00C04F79EFBC}") = "Portfolio.API", "Portfolio.API\Portfolio.API.csproj", "{4A9DF202-86DE-4B4A-88AD-2E5E18DE602C}"
EndProject
Global
	GlobalSection(SolutionConfigurationPlatforms) = preSolution
		Debug|Any CPU = Debug|Any CPU
		Release|Any CPU = Release|Any CPU
	EndGlobalSection
	GlobalSection(SolutionProperties) = preSolution
		HideSolutionNode = FALSE
	EndGlobalSection
	GlobalSection(ProjectConfigurationPlatforms) = postSolution
		{13203EF3-3AAA-4C53-AAF1-588DAE467B33}.Debug|Any CPU.ActiveCfg = Debug|Any CPU
		{13203EF3-3AAA-4C53-AAF1-588DAE467B33}.Debug|Any CPU.Build.0 = Debug|Any CPU
		{13203EF3-3AAA-4C53-AAF1-588DAE467B33}.Release|Any CPU.ActiveCfg = Release|Any CPU
		{13203EF3-3AAA-4C53-AAF1-588DAE467B33}.Release|Any CPU.Build.0 = Release|Any CPU
		{4A9DF202-86DE-4B4A-88AD-2E5E18DE602C}.Debug|Any CPU.ActiveCfg = Debug|Any CPU
		{4A9DF202-86DE-4B4A-88AD-2E5E18DE602C}.Debug|Any CPU.Build.0 = Debug|Any CPU
		{4A9DF202-86DE-4B4A-88AD-2E5E18DE602C}.Release|Any CPU.ActiveCfg = Release|Any CPU
		{4A9DF202-86DE-4B4A-88AD-2E5E18DE602C}.Release|Any CPU.Build.0 = Release|Any CPU
	EndGlobalSection
EndGlobal
